
Microsoft Visual Studio Solution File, Format Version 12.00
# Visual Studio Version 17
VisualStudioVersion = 17.8.34330.188
MinimumVisualStudioVersion = 10.0.40219.1
Project("{9A19103F-16F7-4668-BE54-9A1E7A4F7556}") = "QuanLyBanHang", "QuanLyBanHang\QuanLyBanHang.csproj", "{D97D47E5-33C3-4706-B407-0918A863E2E8}"
EndProject
Project("{54435603-DBB4-11D2-8724-00A0C9A8B90C}") = "QuanLyCuaHang", "QuanLyCuaHang\QuanLyCuaHang.vdproj", "{4B145DAB-675B-4066-BC62-F08A154687B8}"
EndProject
Global
	GlobalSection(SolutionConfigurationPlatforms) = preSolution
		Debug|Any CPU = Debug|Any CPU
		Release|Any CPU = Release|Any CPU
	EndGlobalSection
	GlobalSection(ProjectConfigurationPlatforms) = postSolution
		{D97D47E5-33C3-4706-B407-0918A863E2E8}.Debug|Any CPU.ActiveCfg = Release|Any CPU
		{D97D47E5-33C3-4706-B407-0918A863E2E8}.Debug|Any CPU.Build.0 = Release|Any CPU
		{D97D47E5-33C3-4706-B407-0918A863E2E8}.Release|Any CPU.ActiveCfg = Release|Any CPU
		{D97D47E5-33C3-4706-B407-0918A863E2E8}.Release|Any CPU.Build.0 = Release|Any CPU
		{4B145DAB-675B-4066-BC62-F08A154687B8}.Debug|Any CPU.ActiveCfg = Debug
		{4B145DAB-675B-4066-BC62-F08A154687B8}.Release|Any CPU.ActiveCfg = Release
	EndGlobalSection
	GlobalSection(SolutionProperties) = preSolution
		HideSolutionNode = FALSE
	EndGlobalSection
	GlobalSection(ExtensibilityGlobals) = postSolution
		SolutionGuid = {41F4C9C5-0332-4661-886D-0CCF58A10149}
	EndGlobalSection
EndGlobal
